
Microsoft Visual Studio Solution File, Format Version 12.00
Project("{FAE04EC0-301F-11D3-BF4B-00C04F79EFBC}") = "ProboChecker.DataAccess", "ProboChecker.DataAccess\ProboChecker.DataAccess.csproj", "{C7B6B5D2-ACF7-4119-ABA1-837B18387D4C}"
EndProject
Project("{FAE04EC0-301F-11D3-BF4B-00C04F79EFBC}") = "ProboChecker.Services", "ProboChecker.Services\ProboChecker.Services.csproj", "{076D1AAB-965A-40E0-8687-EA708A16686D}"
EndProject
Project("{FAE04EC0-301F-11D3-BF4B-00C04F79EFBC}") = "ProboChecker.Web", "ProboChecker.Web\ProboChecker.Web.csproj", "{FEE9ABFE-CD13-4125-9636-8FAEACAB91EE}"
EndProject
Global
	GlobalSection(SolutionConfigurationPlatforms) = preSolution
		Debug|Any CPU = Debug|Any CPU
		Release|Any CPU = Release|Any CPU
	EndGlobalSection
	GlobalSection(ProjectConfigurationPlatforms) = postSolution
		{C7B6B5D2-ACF7-4119-ABA1-837B18387D4C}.Debug|Any CPU.ActiveCfg = Debug|Any CPU
		{C7B6B5D2-ACF7-4119-ABA1-837B18387D4C}.Debug|Any CPU.Build.0 = Debug|Any CPU
		{C7B6B5D2-ACF7-4119-ABA1-837B18387D4C}.Release|Any CPU.ActiveCfg = Release|Any CPU
		{C7B6B5D2-ACF7-4119-ABA1-837B18387D4C}.Release|Any CPU.Build.0 = Release|Any CPU
		{076D1AAB-965A-40E0-8687-EA708A16686D}.Debug|Any CPU.ActiveCfg = Debug|Any CPU
		{076D1AAB-965A-40E0-8687-EA708A16686D}.Debug|Any CPU.Build.0 = Debug|Any CPU
		{076D1AAB-965A-40E0-8687-EA708A16686D}.Release|Any CPU.ActiveCfg = Release|Any CPU
		{076D1AAB-965A-40E0-8687-EA708A16686D}.Release|Any CPU.Build.0 = Release|Any CPU
		{FEE9ABFE-CD13-4125-9636-8FAEACAB91EE}.Debug|Any CPU.ActiveCfg = Debug|Any CPU
		{FEE9ABFE-CD13-4125-9636-8FAEACAB91EE}.Debug|Any CPU.Build.0 = Debug|Any CPU
		{FEE9ABFE-CD13-4125-9636-8FAEACAB91EE}.Release|Any CPU.ActiveCfg = Release|Any CPU
		{FEE9ABFE-CD13-4125-9636-8FAEACAB91EE}.Release|Any CPU.Build.0 = Release|Any CPU
	EndGlobalSection
EndGlobal
